{
    "_readme": [
        "This file locks the dependencies of your project to a known state",
        "Read more about it at https://getcomposer.org/doc/01-basic-usage.md#installing-dependencies",
        "This file is @generated automatically"
    ],
    "content-hash": "6ba905731d57fd7ef89fa40cc6e27839",
    "packages": [
        {
            "name": "longanime/webx",
            "version": "1.2.1",
            "source": {
                "type": "git",
                "url": "https://github.com/michael-lins/webx.git",
                "reference": "52056e0e2cd9d77fe6bd50e758a04c03d027754e"
            },
            "dist": {
                "type": "zip",
                "url": "https://api.github.com/repos/michael-lins/webx/zipball/52056e0e2cd9d77fe6bd50e758a04c03d027754e",
                "reference": "52056e0e2cd9d77fe6bd50e758a04c03d027754e",
                "shasum": ""
            },
            "require": {
                "php": "^7.2"
            },
            "type": "library",
            "autoload": {
                "psr-4": {
                    "Longanime\\Webx\\": "webx/"
                }
            },
            "notification-url": "https://packagist.org/downloads/",
            "license": [
                "MIT"
            ],
            "authors": [
                {
                    "name": "Michael Lins",
                    "email": "michael@longanime.com.br"
                }
            ],
            "description": "Light php framework to illustrate the implementation of a web framework with static routes for study purposes",
            "time": "2019-01-16T19:35:11+00:00"
        }
    ],
    "packages-dev": [],
    "aliases": [],
    "minimum-stability": "stable",
    "stability-flags": [],
    "prefer-stable": false,
    "prefer-lowest": false,
    "platform": {
        "php": "^7.2"
    },
    "platform-dev": []
}
